{
  "version": 4,
  "terraform_version": "1.14.8",
  "serial": 4,
  "lineage": "9d7e6485-0ae6-e75c-0082-74403c4adca9",
  "outputs": {},
  "resources": [
    {
      "mode": "managed",
      "type": "helm_release",
      "name": "vault",
      "provider": "provider[\"registry.terraform.io/hashicorp/helm\"]",
      "instances": [
        {
          "schema_version": 1,
          "attributes": {
            "atomic": false,
            "chart": "vault",
            "cleanup_on_fail": false,
            "create_namespace": true,
            "dependency_update": false,
            "description": null,
            "devel": null,
            "disable_crd_hooks": false,
            "disable_openapi_validation": false,
            "disable_webhooks": false,
            "force_update": false,
            "id": "vault",
            "keyring": null,
            "lint": false,
            "manifest": null,
            "max_history": 0,
            "metadata": [
              {
                "app_version": "1.21.2",
                "chart": "vault",
                "name": "vault",
                "namespace": "awx-mastery",
                "revision": 1,
                "values": "{\"server\":{\"dev\":{\"enabled\":true}}}",
                "version": "0.32.0"
              }
            ],
            "name": "vault",
            "namespace": "awx-mastery",
            "pass_credentials": false,
            "postrender": [],
            "recreate_pods": false,
            "render_subchart_notes": true,
            "replace": false,
            "repository": "https://helm.releases.hashicorp.com",
            "repository_ca_file": null,
            "repository_cert_file": null,
            "repository_key_file": null,
            "repository_password": null,
            "repository_username": null,
            "reset_values": false,
            "reuse_values": false,
            "set": [
              {
                "name": "server.dev.enabled",
                "type": "",
                "value": "true"
              }
            ],
            "set_list": [],
            "set_sensitive": [],
            "skip_crds": false,
            "status": "deployed",
            "timeout": 300,
            "values": null,
            "verify": false,
            "version": "0.32.0",
            "wait": true,
            "wait_for_jobs": false
          },
          "sensitive_attributes": [
            [
              {
                "type": "get_attr",
                "value": "repository_password"
              }
            ]
          ],
          "identity_schema_version": 0,
          "private": "eyJzY2hlbWFfdmVyc2lvbiI6IjEifQ==",
          "dependencies": [
            "shell_script.k3d_cluster"
          ]
        }
      ]
    },
    {
      "mode": "managed",
      "type": "shell_script",
      "name": "k3d_cluster",
      "provider": "provider[\"registry.terraform.io/scottwinkler/shell\"]",
      "instances": [
        {
          "schema_version": 0,
          "attributes": {
            "dirty": false,
            "environment": null,
            "id": "d7f36qgndsvocp1o50r0",
            "interpreter": null,
            "lifecycle_commands": [
              {
                "create": "k3d cluster create devops-lab --agents 2 -p '8080:80@loadbalancer' --k3s-arg '--disable=traefik@server:0'",
                "delete": "k3d cluster delete devops-lab",
                "read": "",
                "update": ""
              }
            ],
            "output": null,
            "read_error": null,
            "sensitive_environment": null,
            "triggers": null,
            "working_directory": "."
          },
          "sensitive_attributes": [
            [
              {
                "type": "get_attr",
                "value": "sensitive_environment"
              }
            ]
          ],
          "identity_schema_version": 0,
          "private": "bnVsbA=="
        }
      ]
    }
  ],
  "check_results": null
}
